
Microsoft Visual Studio Solution File, Format Version 12.00
# Visual Studio Version 18
VisualStudioVersion = 18.3.11312.210 d18.3
MinimumVisualStudioVersion = 10.0.40219.1
Project("{9A19103F-16F7-4668-BE54-9A1E7A4F7556}") = "DesomniaService", "DesomniaService\DesomniaService.csproj", "{512224F7-2D41-4E80-9907-DFA2EB7FB6E9}"
EndProject
Project("{9A19103F-16F7-4668-BE54-9A1E7A4F7556}") = "DesomniaCore", "DesomniaCore\DesomniaCore.csproj", "{F6D28417-9643-4E8D-BDA3-0F3F606B44E8}"
EndProject
Project("{2150E333-8FDC-42A3-9474-1A3956D46DE8}") = "plugins", "plugins", "{E9FBF5F7-F8DE-4AC6-8DCB-4D69B28318DA}"
EndProject
Project("{2150E333-8FDC-42A3-9474-1A3956D46DE8}") = "DesomniaServiceSessionBridge", "DesomniaServiceSessionBridge", "{912F8610-605E-4ED0-B735-A4C17CA1E99B}"
EndProject
Project("{9A19103F-16F7-4668-BE54-9A1E7A4F7556}") = "DesomniaServiceBridge", "plugins\DesomniaServiceSessionBridge\DesomniaServiceBridge\DesomniaServiceBridge.csproj", "{455546CF-2C5A-4346-8FE4-DDEE5B08148F}"
EndProject
Project("{FAE04EC0-301F-11D3-BF4B-00C04F79EFBC}") = "DesomniaSessionMinion", "plugins\DesomniaServiceSessionBridge\DesomniaSessionMinion\DesomniaSessionMinion.csproj", "{060DA578-DFD5-42C2-B551-1AC4F823513C}"
EndProject
Project("{9A19103F-16F7-4668-BE54-9A1E7A4F7556}") = "DesomniaPipe", "plugins\DesomniaServiceSessionBridge\DesomniaPipe\DesomniaPipe.csproj", "{C91C407B-8DF5-4805-AABC-4EFE743C9BDE}"
EndProject
Project("{FAE04EC0-301F-11D3-BF4B-00C04F79EFBC}") = "DuoStreamIntegration", "plugins\DuoStreamIntegration\DuoStreamIntegration.csproj", "{C7985466-A47A-0237-B5C5-67D6867C15E5}"
EndProject
Project("{2150E333-8FDC-42A3-9474-1A3956D46DE8}") = "modules", "modules", "{02EA681E-C7D8-13C7-8484-4AC65E1B71E8}"
EndProject
Project("{FAE04EC0-301F-11D3-BF4B-00C04F79EFBC}") = "NetworkMonitor", "modules\NetworkMonitor\NetworkMonitor.csproj", "{7DB53745-B8CC-5800-67D9-15612E056D7E}"
EndProject
Project("{FAE04EC0-301F-11D3-BF4B-00C04F79EFBC}") = "SessionMonitor", "modules\SessionMonitor\SessionMonitor.csproj", "{5A45CE28-18C1-4BDB-BDD7-6DDA9A34B5D2}"
EndProject
Project("{FAE04EC0-301F-11D3-BF4B-00C04F79EFBC}") = "ProcessMonitor", "modules\ProcessMonitor\ProcessMonitor.csproj", "{9375B907-EB47-41BD-9866-EF33F37534BC}"
EndProject
Project("{FAE04EC0-301F-11D3-BF4B-00C04F79EFBC}") = "NetworkSessionMonitor", "modules\NetworkSessionMonitor\NetworkSessionMonitor.csproj", "{B7FD5754-D344-4B5F-B1B1-5BF4DF8406F3}"
EndProject
Project("{FAE04EC0-301F-11D3-BF4B-00C04F79EFBC}") = "PowerRequestMonitor", "modules\PowerRequestMonitor\PowerRequestMonitor.csproj", "{42DB48D4-8EAA-467A-A681-4CFC64AA0928}"
EndProject
Project("{FAE04EC0-301F-11D3-BF4B-00C04F79EFBC}") = "DesomniaDaemon", "DesomniaDaemon\DesomniaDaemon.csproj", "{12B36F72-A3EB-2234-4AEE-4E89EC33AB0E}"
EndProject
Project("{FAE04EC0-301F-11D3-BF4B-00C04F79EFBC}") = "DesomniaLaunchDaemon", "DesomniaLaunchDaemon\DesomniaLaunchDaemon.csproj", "{8CAC90E1-CEE0-40AA-A7CB-6A1911F32DB2}"
EndProject
Project("{2150E333-8FDC-42A3-9474-1A3956D46DE8}") = "windows", "windows", "{924B02E5-D985-4F6E-8E76-C183F4C5B85F}"
EndProject
Project("{2150E333-8FDC-42A3-9474-1A3956D46DE8}") = "linux", "linux", "{43E241EE-7EFF-4E53-99FE-617938362591}"
EndProject
Project("{2150E333-8FDC-42A3-9474-1A3956D46DE8}") = "network", "network", "{9F21331F-730B-4358-9577-ADCE4293C476}"
EndProject
Project("{FAE04EC0-301F-11D3-BF4B-00C04F79EFBC}") = "FirewallKnockOperator", "plugins\FirewallKnockOperator\FirewallKnockOperator.csproj", "{C61B52BE-E29C-407D-9F48-4A199A63890C}"
EndProject
Project("{2150E333-8FDC-42A3-9474-1A3956D46DE8}") = "helper", "helper", "{97A68849-1968-493A-B570-BF6EBA54B410}"
EndProject
Project("{FAE04EC0-301F-11D3-BF4B-00C04F79EFBC}") = "TraefikAuth", "plugins\TraefikAuth\TraefikAuth.csproj", "{36D7C860-965E-45C5-BC89-9E5AA80A881D}"
	ProjectSection(ProjectDependencies) = postProject
		{7DB53745-B8CC-5800-67D9-15612E056D7E} = {7DB53745-B8CC-5800-67D9-15612E056D7E}
	EndProjectSection
EndProject
Project("{FAE04EC0-301F-11D3-BF4B-00C04F79EFBC}") = "FRITZBoxRouter", "plugins\FRITZBoxRouter\FRITZBoxRouter.csproj", "{4A937D12-7E1D-EE68-DD79-F2BE19BE8AFD}"
EndProject
Project("{2150E333-8FDC-42A3-9474-1A3956D46DE8}") = "installer", "installer", "{1AB7A9BE-B559-4B01-B78F-7D10D3B01EA8}"
EndProject
Project("{FAE04EC0-301F-11D3-BF4B-00C04F79EFBC}") = "DesomniaServiceConfigurator", "installer\DesomniaServiceConfigurator\DesomniaServiceConfigurator.csproj", "{A365DA33-7893-49E1-898D-1C5040D8AFC9}"
EndProject
Project("{FAE04EC0-301F-11D3-BF4B-00C04F79EFBC}") = "DesomniaServiceHelper", "helper\DesomniaServiceHelper\DesomniaServiceHelper.csproj", "{B1A95553-EC6F-D51C-9830-971F8B0B997F}"
EndProject
Project("{FAE04EC0-301F-11D3-BF4B-00C04F79EFBC}") = "HyperVSupport", "plugins\HyperVSupport\HyperVSupport.csproj", "{D6631EA9-3A55-EB2B-F636-885B580027FF}"
EndProject
Global
	GlobalSection(SolutionConfigurationPlatforms) = preSolution
		Debug|Any CPU = Debug|Any CPU
		Release|Any CPU = Release|Any CPU
	EndGlobalSection
	GlobalSection(ProjectConfigurationPlatforms) = postSolution
		{512224F7-2D41-4E80-9907-DFA2EB7FB6E9}.Debug|Any CPU.ActiveCfg = Debug|Any CPU
		{512224F7-2D41-4E80-9907-DFA2EB7FB6E9}.Debug|Any CPU.Build.0 = Debug|Any CPU
		{512224F7-2D41-4E80-9907-DFA2EB7FB6E9}.Release|Any CPU.ActiveCfg = Release|Any CPU
		{512224F7-2D41-4E80-9907-DFA2EB7FB6E9}.Release|Any CPU.Build.0 = Release|Any CPU
		{F6D28417-9643-4E8D-BDA3-0F3F606B44E8}.Debug|Any CPU.ActiveCfg = Debug|Any CPU
		{F6D28417-9643-4E8D-BDA3-0F3F606B44E8}.Debug|Any CPU.Build.0 = Debug|Any CPU
		{F6D28417-9643-4E8D-BDA3-0F3F606B44E8}.Release|Any CPU.ActiveCfg = Release|Any CPU
		{F6D28417-9643-4E8D-BDA3-0F3F606B44E8}.Release|Any CPU.Build.0 = Release|Any CPU
		{455546CF-2C5A-4346-8FE4-DDEE5B08148F}.Debug|Any CPU.ActiveCfg = Debug|Any CPU
		{455546CF-2C5A-4346-8FE4-DDEE5B08148F}.Debug|Any CPU.Build.0 = Debug|Any CPU
		{455546CF-2C5A-4346-8FE4-DDEE5B08148F}.Release|Any CPU.ActiveCfg = Release|Any CPU
		{455546CF-2C5A-4346-8FE4-DDEE5B08148F}.Release|Any CPU.Build.0 = Release|Any CPU
		{060DA578-DFD5-42C2-B551-1AC4F823513C}.Debug|Any CPU.ActiveCfg = Debug|Any CPU
		{060DA578-DFD5-42C2-B551-1AC4F823513C}.Debug|Any CPU.Build.0 = Debug|Any CPU
		{060DA578-DFD5-42C2-B551-1AC4F823513C}.Release|Any CPU.ActiveCfg = Release|Any CPU
		{060DA578-DFD5-42C2-B551-1AC4F823513C}.Release|Any CPU.Build.0 = Release|Any CPU
		{C91C407B-8DF5-4805-AABC-4EFE743C9BDE}.Debug|Any CPU.ActiveCfg = Debug|Any CPU
		{C91C407B-8DF5-4805-AABC-4EFE743C9BDE}.Debug|Any CPU.Build.0 = Debug|Any CPU
		{C91C407B-8DF5-4805-AABC-4EFE743C9BDE}.Release|Any CPU.ActiveCfg = Release|Any CPU
		{C91C407B-8DF5-4805-AABC-4EFE743C9BDE}.Release|Any CPU.Build.0 = Release|Any CPU
		{C7985466-A47A-0237-B5C5-67D6867C15E5}.Debug|Any CPU.ActiveCfg = Debug|Any CPU
		{C7985466-A47A-0237-B5C5-67D6867C15E5}.Debug|Any CPU.Build.0 = Debug|Any CPU
		{C7985466-A47A-0237-B5C5-67D6867C15E5}.Release|Any CPU.ActiveCfg = Release|Any CPU
		{C7985466-A47A-0237-B5C5-67D6867C15E5}.Release|Any CPU.Build.0 = Release|Any CPU
		{7DB53745-B8CC-5800-67D9-15612E056D7E}.Debug|Any CPU.ActiveCfg = Debug|Any CPU
		{7DB53745-B8CC-5800-67D9-15612E056D7E}.Debug|Any CPU.Build.0 = Debug|Any CPU
		{7DB53745-B8CC-5800-67D9-15612E056D7E}.Release|Any CPU.ActiveCfg = Release|Any CPU
		{7DB53745-B8CC-5800-67D9-15612E056D7E}.Release|Any CPU.Build.0 = Release|Any CPU
		{5A45CE28-18C1-4BDB-BDD7-6DDA9A34B5D2}.Debug|Any CPU.ActiveCfg = Debug|Any CPU
		{5A45CE28-18C1-4BDB-BDD7-6DDA9A34B5D2}.Debug|Any CPU.Build.0 = Debug|Any CPU
		{5A45CE28-18C1-4BDB-BDD7-6DDA9A34B5D2}.Release|Any CPU.ActiveCfg = Release|Any CPU
		{5A45CE28-18C1-4BDB-BDD7-6DDA9A34B5D2}.Release|Any CPU.Build.0 = Release|Any CPU
		{9375B907-EB47-41BD-9866-EF33F37534BC}.Debug|Any CPU.ActiveCfg = Debug|Any CPU
		{9375B907-EB47-41BD-9866-EF33F37534BC}.Debug|Any CPU.Build.0 = Debug|Any CPU
		{9375B907-EB47-41BD-9866-EF33F37534BC}.Release|Any CPU.ActiveCfg = Release|Any CPU
		{9375B907-EB47-41BD-9866-EF33F37534BC}.Release|Any CPU.Build.0 = Release|Any CPU
		{B7FD5754-D344-4B5F-B1B1-5BF4DF8406F3}.Debug|Any CPU.ActiveCfg = Debug|Any CPU
		{B7FD5754-D344-4B5F-B1B1-5BF4DF8406F3}.Debug|Any CPU.Build.0 = Debug|Any CPU
		{B7FD5754-D344-4B5F-B1B1-5BF4DF8406F3}.Release|Any CPU.ActiveCfg = Release|Any CPU
		{B7FD5754-D344-4B5F-B1B1-5BF4DF8406F3}.Release|Any CPU.Build.0 = Release|Any CPU
		{42DB48D4-8EAA-467A-A681-4CFC64AA0928}.Debug|Any CPU.ActiveCfg = Debug|Any CPU
		{42DB48D4-8EAA-467A-A681-4CFC64AA0928}.Debug|Any CPU.Build.0 = Debug|Any CPU
		{42DB48D4-8EAA-467A-A681-4CFC64AA0928}.Release|Any CPU.ActiveCfg = Release|Any CPU
		{42DB48D4-8EAA-467A-A681-4CFC64AA0928}.Release|Any CPU.Build.0 = Release|Any CPU
		{12B36F72-A3EB-2234-4AEE-4E89EC33AB0E}.Debug|Any CPU.ActiveCfg = Debug|Any CPU
		{12B36F72-A3EB-2234-4AEE-4E89EC33AB0E}.Debug|Any CPU.Build.0 = Debug|Any CPU
		{12B36F72-A3EB-2234-4AEE-4E89EC33AB0E}.Release|Any CPU.ActiveCfg = Release|Any CPU
		{12B36F72-A3EB-2234-4AEE-4E89EC33AB0E}.Release|Any CPU.Build.0 = Release|Any CPU
		{8CAC90E1-CEE0-40AA-A7CB-6A1911F32DB2}.Debug|Any CPU.ActiveCfg = Debug|Any CPU
		{8CAC90E1-CEE0-40AA-A7CB-6A1911F32DB2}.Debug|Any CPU.Build.0 = Debug|Any CPU
		{8CAC90E1-CEE0-40AA-A7CB-6A1911F32DB2}.Release|Any CPU.ActiveCfg = Release|Any CPU
		{8CAC90E1-CEE0-40AA-A7CB-6A1911F32DB2}.Release|Any CPU.Build.0 = Release|Any CPU
		{C61B52BE-E29C-407D-9F48-4A199A63890C}.Debug|Any CPU.ActiveCfg = Debug|Any CPU
		{C61B52BE-E29C-407D-9F48-4A199A63890C}.Debug|Any CPU.Build.0 = Debug|Any CPU
		{C61B52BE-E29C-407D-9F48-4A199A63890C}.Release|Any CPU.ActiveCfg = Release|Any CPU
		{C61B52BE-E29C-407D-9F48-4A199A63890C}.Release|Any CPU.Build.0 = Release|Any CPU
		{36D7C860-965E-45C5-BC89-9E5AA80A881D}.Debug|Any CPU.ActiveCfg = Debug|Any CPU
		{36D7C860-965E-45C5-BC89-9E5AA80A881D}.Debug|Any CPU.Build.0 = Debug|Any CPU
		{36D7C860-965E-45C5-BC89-9E5AA80A881D}.Release|Any CPU.ActiveCfg = Release|Any CPU
		{36D7C860-965E-45C5-BC89-9E5AA80A881D}.Release|Any CPU.Build.0 = Release|Any CPU
		{4A937D12-7E1D-EE68-DD79-F2BE19BE8AFD}.Debug|Any CPU.ActiveCfg = Debug|Any CPU
		{4A937D12-7E1D-EE68-DD79-F2BE19BE8AFD}.Debug|Any CPU.Build.0 = Debug|Any CPU
		{4A937D12-7E1D-EE68-DD79-F2BE19BE8AFD}.Release|Any CPU.ActiveCfg = Release|Any CPU
		{4A937D12-7E1D-EE68-DD79-F2BE19BE8AFD}.Release|Any CPU.Build.0 = Release|Any CPU
		{A365DA33-7893-49E1-898D-1C5040D8AFC9}.Debug|Any CPU.ActiveCfg = Debug|Any CPU
		{A365DA33-7893-49E1-898D-1C5040D8AFC9}.Debug|Any CPU.Build.0 = Debug|Any CPU
		{A365DA33-7893-49E1-898D-1C5040D8AFC9}.Release|Any CPU.ActiveCfg = Release|Any CPU
		{A365DA33-7893-49E1-898D-1C5040D8AFC9}.Release|Any CPU.Build.0 = Release|Any CPU
		{B1A95553-EC6F-D51C-9830-971F8B0B997F}.Debug|Any CPU.ActiveCfg = Debug|Any CPU
		{B1A95553-EC6F-D51C-9830-971F8B0B997F}.Debug|Any CPU.Build.0 = Debug|Any CPU
		{B1A95553-EC6F-D51C-9830-971F8B0B997F}.Release|Any CPU.ActiveCfg = Release|Any CPU
		{B1A95553-EC6F-D51C-9830-971F8B0B997F}.Release|Any CPU.Build.0 = Release|Any CPU
		{D6631EA9-3A55-EB2B-F636-885B580027FF}.Debug|Any CPU.ActiveCfg = Debug|Any CPU
		{D6631EA9-3A55-EB2B-F636-885B580027FF}.Debug|Any CPU.Build.0 = Debug|Any CPU
		{D6631EA9-3A55-EB2B-F636-885B580027FF}.Release|Any CPU.ActiveCfg = Release|Any CPU
		{D6631EA9-3A55-EB2B-F636-885B580027FF}.Release|Any CPU.Build.0 = Release|Any CPU
	EndGlobalSection
	GlobalSection(SolutionProperties) = preSolution
		HideSolutionNode = FALSE
	EndGlobalSection
	GlobalSection(NestedProjects) = preSolution
		{912F8610-605E-4ED0-B735-A4C17CA1E99B} = {924B02E5-D985-4F6E-8E76-C183F4C5B85F}
		{455546CF-2C5A-4346-8FE4-DDEE5B08148F} = {912F8610-605E-4ED0-B735-A4C17CA1E99B}
		{060DA578-DFD5-42C2-B551-1AC4F823513C} = {912F8610-605E-4ED0-B735-A4C17CA1E99B}
		{C91C407B-8DF5-4805-AABC-4EFE743C9BDE} = {912F8610-605E-4ED0-B735-A4C17CA1E99B}
		{C7985466-A47A-0237-B5C5-67D6867C15E5} = {924B02E5-D985-4F6E-8E76-C183F4C5B85F}
		{7DB53745-B8CC-5800-67D9-15612E056D7E} = {02EA681E-C7D8-13C7-8484-4AC65E1B71E8}
		{5A45CE28-18C1-4BDB-BDD7-6DDA9A34B5D2} = {02EA681E-C7D8-13C7-8484-4AC65E1B71E8}
		{9375B907-EB47-41BD-9866-EF33F37534BC} = {02EA681E-C7D8-13C7-8484-4AC65E1B71E8}
		{B7FD5754-D344-4B5F-B1B1-5BF4DF8406F3} = {02EA681E-C7D8-13C7-8484-4AC65E1B71E8}
		{42DB48D4-8EAA-467A-A681-4CFC64AA0928} = {02EA681E-C7D8-13C7-8484-4AC65E1B71E8}
		{924B02E5-D985-4F6E-8E76-C183F4C5B85F} = {E9FBF5F7-F8DE-4AC6-8DCB-4D69B28318DA}
		{43E241EE-7EFF-4E53-99FE-617938362591} = {E9FBF5F7-F8DE-4AC6-8DCB-4D69B28318DA}
		{9F21331F-730B-4358-9577-ADCE4293C476} = {E9FBF5F7-F8DE-4AC6-8DCB-4D69B28318DA}
		{C61B52BE-E29C-407D-9F48-4A199A63890C} = {9F21331F-730B-4358-9577-ADCE4293C476}
		{36D7C860-965E-45C5-BC89-9E5AA80A881D} = {9F21331F-730B-4358-9577-ADCE4293C476}
		{4A937D12-7E1D-EE68-DD79-F2BE19BE8AFD} = {9F21331F-730B-4358-9577-ADCE4293C476}
		{A365DA33-7893-49E1-898D-1C5040D8AFC9} = {1AB7A9BE-B559-4B01-B78F-7D10D3B01EA8}
		{B1A95553-EC6F-D51C-9830-971F8B0B997F} = {97A68849-1968-493A-B570-BF6EBA54B410}
		{D6631EA9-3A55-EB2B-F636-885B580027FF} = {924B02E5-D985-4F6E-8E76-C183F4C5B85F}
	EndGlobalSection
	GlobalSection(ExtensibilityGlobals) = postSolution
		SolutionGuid = {D83C4742-EE14-422A-8E0F-EBAD8CC961DB}
	EndGlobalSection
EndGlobal
